// !$*UTF8*$!
{
	archiveVersion = 1;
	classes = {
	};
	objectVersion = 46;
	objects = {

/* Begin PBXBuildFile section */
		32DCE4AA18C4DB4400B48621 /* UIAlertView+Expa.m in Sources */ = {isa = PBXBuildFile; fileRef = 32DCE4A118C4DB4400B48621 /* UIAlertView+Expa.m */; };
		32DCE4AB18C4DB4400B48621 /* UIButton+Expa.m in Sources */ = {isa = PBXBuildFile; fileRef = 32DCE4A318C4DB4400B48621 /* UIButton+Expa.m */; };
		32DCE4AC18C4DB4400B48621 /* UIColor+Expa.m in Sources */ = {isa = PBXBuildFile; fileRef = 32DCE4A518C4DB4400B48621 /* UIColor+Expa.m */; };
		32DCE4AD18C4DB4400B48621 /* UIImage+Expa.m in Sources */ = {isa = PBXBuildFile; fileRef = 32DCE4A718C4DB4400B48621 /* UIImage+Expa.m */; };
		32DCE4AE18C4DB4400B48621 /* UIView+Expa.m in Sources */ = {isa = PBXBuildFile; fileRef = 32DCE4A918C4DB4400B48621 /* UIView+Expa.m */; };
		32DCE4B718C4DB5000B48621 /* NSDictionary+Expa.m in Sources */ = {isa = PBXBuildFile; fileRef = 32DCE4B018C4DB5000B48621 /* NSDictionary+Expa.m */; };
		32DCE4B818C4DB5000B48621 /* NSDictionary+Expa.m in Sources */ = {isa = PBXBuildFile; fileRef = 32DCE4B018C4DB5000B48621 /* NSDictionary+Expa.m */; };
		32DCE4B918C4DB5000B48621 /* NSLayoutConstraint+Expa.m in Sources */ = {isa = PBXBuildFile; fileRef = 32DCE4B218C4DB5000B48621 /* NSLayoutConstraint+Expa.m */; };
		32DCE4BA18C4DB5000B48621 /* NSLayoutConstraint+Expa.m in Sources */ = {isa = PBXBuildFile; fileRef = 32DCE4B218C4DB5000B48621 /* NSLayoutConstraint+Expa.m */; };
		32DCE4BB18C4DB5000B48621 /* NSMutableArray+Expa.m in Sources */ = {isa = PBXBuildFile; fileRef = 32DCE4B418C4DB5000B48621 /* NSMutableArray+Expa.m */; };
		32DCE4BC18C4DB5000B48621 /* NSMutableArray+Expa.m in Sources */ = {isa = PBXBuildFile; fileRef = 32DCE4B418C4DB5000B48621 /* NSMutableArray+Expa.m */; };
		32DCE4BD18C4DB5000B48621 /* NSString+Expa.mm in Sources */ = {isa = PBXBuildFile; fileRef = 32DCE4B618C4DB5000B48621 /* NSString+Expa.mm */; };
		32DCE4BE18C4DB5000B48621 /* NSString+Expa.mm in Sources */ = {isa = PBXBuildFile; fileRef = 32DCE4B618C4DB5000B48621 /* NSString+Expa.mm */; };
		32DCE4D418C4DBBB00B48621 /* MPTextView.m in Sources */ = {isa = PBXBuildFile; fileRef = 32DCE4C118C4DBBB00B48621 /* MPTextView.m */; };
		32DCE4D518C4DBBB00B48621 /* MPTextView.m in Sources */ = {isa = PBXBuildFile; fileRef = 32DCE4C118C4DBBB00B48621 /* MPTextView.m */; };
		32DCE4D818C4DBBB00B48621 /* XFeedbackViewController.m in Sources */ = {isa = PBXBuildFile; fileRef = 32DCE4C518C4DBBB00B48621 /* XFeedbackViewController.m */; };
		32DCE4D918C4DBBB00B48621 /* XFeedbackViewController.m in Sources */ = {isa = PBXBuildFile; fileRef = 32DCE4C518C4DBBB00B48621 /* XFeedbackViewController.m */; };
		32DCE4DA18C4DBBB00B48621 /* XFeedbackViewController.xib in Resources */ = {isa = PBXBuildFile; fileRef = 32DCE4C618C4DBBB00B48621 /* XFeedbackViewController.xib */; };
		32DCE4E318C4DBBB00B48621 /* XSingleton.m in Sources */ = {isa = PBXBuildFile; fileRef = 32DCE4D318C4DBBB00B48621 /* XSingleton.m */; };
		32DCE4E418C4DBBB00B48621 /* XSingleton.m in Sources */ = {isa = PBXBuildFile; fileRef = 32DCE4D318C4DBBB00B48621 /* XSingleton.m */; };
		32DCE4E718C4DD1400B48621 /* XFeedback.m in Sources */ = {isa = PBXBuildFile; fileRef = 32DCE4E618C4DD1400B48621 /* XFeedback.m */; };
		32DCE4E818C4DD1400B48621 /* XFeedback.m in Sources */ = {isa = PBXBuildFile; fileRef = 32DCE4E618C4DD1400B48621 /* XFeedback.m */; };
		32DCE4EB18C4DD2700B48621 /* XGeocoder.m in Sources */ = {isa = PBXBuildFile; fileRef = 32DCE4EA18C4DD2700B48621 /* XGeocoder.m */; };
		32DCE4EC18C4DD2700B48621 /* XGeocoder.m in Sources */ = {isa = PBXBuildFile; fileRef = 32DCE4EA18C4DD2700B48621 /* XGeocoder.m */; };
		32DCE4EF18C4DD2E00B48621 /* XLogging.m in Sources */ = {isa = PBXBuildFile; fileRef = 32DCE4EE18C4DD2E00B48621 /* XLogging.m */; };
		32DCE4F018C4DD2E00B48621 /* XLogging.m in Sources */ = {isa = PBXBuildFile; fileRef = 32DCE4EE18C4DD2E00B48621 /* XLogging.m */; };
		32DCE4F518C4DD3400B48621 /* XNavigationService.m in Sources */ = {isa = PBXBuildFile; fileRef = 32DCE4F218C4DD3400B48621 /* XNavigationService.m */; };
		32DCE4F618C4DD3400B48621 /* XNavigationService.m in Sources */ = {isa = PBXBuildFile; fileRef = 32DCE4F218C4DD3400B48621 /* XNavigationService.m */; };
		32DCE4F718C4DD3400B48621 /* XViewController.m in Sources */ = {isa = PBXBuildFile; fileRef = 32DCE4F418C4DD3400B48621 /* XViewController.m */; };
		32DCE4F818C4DD3400B48621 /* XViewController.m in Sources */ = {isa = PBXBuildFile; fileRef = 32DCE4F418C4DD3400B48621 /* XViewController.m */; };
		32DCE4FB18C4DD3F00B48621 /* XEdgeSwipeGestureRecognizer.m in Sources */ = {isa = PBXBuildFile; fileRef = 32DCE4FA18C4DD3F00B48621 /* XEdgeSwipeGestureRecognizer.m */; };
		32DCE4FC18C4DD3F00B48621 /* XEdgeSwipeGestureRecognizer.m in Sources */ = {isa = PBXBuildFile; fileRef = 32DCE4FA18C4DD3F00B48621 /* XEdgeSwipeGestureRecognizer.m */; };
		32DCE50018C4DD8800B48621 /* XDevUtilities.m in Sources */ = {isa = PBXBuildFile; fileRef = 32DCE4FF18C4DD8800B48621 /* XDevUtilities.m */; };
		32DCE50118C4DD8800B48621 /* XDevUtilities.m in Sources */ = {isa = PBXBuildFile; fileRef = 32DCE4FF18C4DD8800B48621 /* XDevUtilities.m */; };
		32DCE50418C4DD8E00B48621 /* XDeviceUtilities.m in Sources */ = {isa = PBXBuildFile; fileRef = 32DCE50318C4DD8E00B48621 /* XDeviceUtilities.m */; };
		32DCE50518C4DD8E00B48621 /* XDeviceUtilities.m in Sources */ = {isa = PBXBuildFile; fileRef = 32DCE50318C4DD8E00B48621 /* XDeviceUtilities.m */; };
		32DCE50818C4DD9400B48621 /* XGCDUtilites.m in Sources */ = {isa = PBXBuildFile; fileRef = 32DCE50718C4DD9400B48621 /* XGCDUtilites.m */; };
		32DCE50918C4DD9400B48621 /* XGCDUtilites.m in Sources */ = {isa = PBXBuildFile; fileRef = 32DCE50718C4DD9400B48621 /* XGCDUtilites.m */; };
		32DCE50C18C4DD9A00B48621 /* XLocationUtilities.m in Sources */ = {isa = PBXBuildFile; fileRef = 32DCE50B18C4DD9A00B48621 /* XLocationUtilities.m */; };
		32DCE50D18C4DD9A00B48621 /* XLocationUtilities.m in Sources */ = {isa = PBXBuildFile; fileRef = 32DCE50B18C4DD9A00B48621 /* XLocationUtilities.m */; };
		32DCE51018C4DDA100B48621 /* XRuntimeUtilities.m in Sources */ = {isa = PBXBuildFile; fileRef = 32DCE50F18C4DDA100B48621 /* XRuntimeUtilities.m */; };
		32DCE51118C4DDA100B48621 /* XRuntimeUtilities.m in Sources */ = {isa = PBXBuildFile; fileRef = 32DCE50F18C4DDA100B48621 /* XRuntimeUtilities.m */; };
		7E255BFC18171DEC008FD59D /* Foundation.framework in Frameworks */ = {isa = PBXBuildFile; fileRef = 7E255BFB18171DEC008FD59D /* Foundation.framework */; };
		7E255C0A18171DEC008FD59D /* XCTest.framework in Frameworks */ = {isa = PBXBuildFile; fileRef = 7E255C0918171DEC008FD59D /* XCTest.framework */; };
		7E255C0B18171DEC008FD59D /* Foundation.framework in Frameworks */ = {isa = PBXBuildFile; fileRef = 7E255BFB18171DEC008FD59D /* Foundation.framework */; };
		7E255C0D18171DEC008FD59D /* UIKit.framework in Frameworks */ = {isa = PBXBuildFile; fileRef = 7E255C0C18171DEC008FD59D /* UIKit.framework */; };
		7E255C1018171DEC008FD59D /* libExpaPlatform.a in Frameworks */ = {isa = PBXBuildFile; fileRef = 7E255BF818171DEC008FD59D /* libExpaPlatform.a */; };
		7E255C1618171DEC008FD59D /* InfoPlist.strings in Resources */ = {isa = PBXBuildFile; fileRef = 7E255C1418171DEC008FD59D /* InfoPlist.strings */; };
		7E255C1818171DEC008FD59D /* ExpaPlatformTests.m in Sources */ = {isa = PBXBuildFile; fileRef = 7E255C1718171DEC008FD59D /* ExpaPlatformTests.m */; };
		7E255C3118172345008FD59D /* UIKit.framework in Frameworks */ = {isa = PBXBuildFile; fileRef = 7E255C3018172345008FD59D /* UIKit.framework */; };
		7E255C331817234A008FD59D /* QuartzCore.framework in Frameworks */ = {isa = PBXBuildFile; fileRef = 7E255C321817234A008FD59D /* QuartzCore.framework */; };
		7E255C3518172350008FD59D /* CoreGraphics.framework in Frameworks */ = {isa = PBXBuildFile; fileRef = 7E255C3418172350008FD59D /* CoreGraphics.framework */; };
/* End PBXBuildFile section */

/* Begin PBXContainerItemProxy section */
		7E255C0E18171DEC008FD59D /* PBXContainerItemProxy */ = {
			isa = PBXContainerItemProxy;
			containerPortal = 7E255BF018171DEC008FD59D /* Project object */;
			proxyType = 1;
			remoteGlobalIDString = 7E255BF718171DEC008FD59D;
			remoteInfo = ExpaPlatform;
		};
/* End PBXContainerItemProxy section */

/* Begin PBXCopyFilesBuildPhase section */
		7E255BF618171DEC008FD59D /* CopyFiles */ = {
			isa = PBXCopyFilesBuildPhase;
			buildActionMask = 2147483647;
			dstPath = "include/$(PRODUCT_NAME)";
			dstSubfolderSpec = 16;
			files = (
			);
			runOnlyForDeploymentPostprocessing = 0;
		};
/* End PBXCopyFilesBuildPhase section */

/* Begin PBXFileReference section */
		32DCE4A018C4DB4400B48621 /* UIAlertView+Expa.h */ = {isa = PBXFileReference; fileEncoding = 4; lastKnownFileType = sourcecode.c.h; name = "UIAlertView+Expa.h"; path = "ExpaPlatform/Categories/UIAlertView+Expa.h"; sourceTree = SOURCE_ROOT; };
		32DCE4A118C4DB4400B48621 /* UIAlertView+Expa.m */ = {isa = PBXFileReference; fileEncoding = 4; lastKnownFileType = sourcecode.c.objc; name = "UIAlertView+Expa.m"; path = "ExpaPlatform/Categories/UIAlertView+Expa.m"; sourceTree = SOURCE_ROOT; };
		32DCE4A218C4DB4400B48621 /* UIButton+Expa.h */ = {isa = PBXFileReference; fileEncoding = 4; lastKnownFileType = sourcecode.c.h; name = "UIButton+Expa.h"; path = "ExpaPlatform/Categories/UIButton+Expa.h"; sourceTree = SOURCE_ROOT; };
		32DCE4A318C4DB4400B48621 /* UIButton+Expa.m */ = {isa = PBXFileReference; fileEncoding = 4; lastKnownFileType = sourcecode.c.objc; name = "UIButton+Expa.m"; path = "ExpaPlatform/Categories/UIButton+Expa.m"; sourceTree = SOURCE_ROOT; };
		32DCE4A418C4DB4400B48621 /* UIColor+Expa.h */ = {isa = PBXFileReference; fileEncoding = 4; lastKnownFileType = sourcecode.c.h; name = "UIColor+Expa.h"; path = "ExpaPlatform/Categories/UIColor+Expa.h"; sourceTree = SOURCE_ROOT; };
		32DCE4A518C4DB4400B48621 /* UIColor+Expa.m */ = {isa = PBXFileReference; fileEncoding = 4; lastKnownFileType = sourcecode.c.objc; name = "UIColor+Expa.m"; path = "ExpaPlatform/Categories/UIColor+Expa.m"; sourceTree = SOURCE_ROOT; };
		32DCE4A618C4DB4400B48621 /* UIImage+Expa.h */ = {isa = PBXFileReference; fileEncoding = 4; lastKnownFileType = sourcecode.c.h; name = "UIImage+Expa.h"; path = "ExpaPlatform/Categories/UIImage+Expa.h"; sourceTree = SOURCE_ROOT; };
		32DCE4A718C4DB4400B48621 /* UIImage+Expa.m */ = {isa = PBXFileReference; fileEncoding = 4; lastKnownFileType = sourcecode.c.objc; name = "UIImage+Expa.m"; path = "ExpaPlatform/Categories/UIImage+Expa.m"; sourceTree = SOURCE_ROOT; };
		32DCE4A818C4DB4400B48621 /* UIView+Expa.h */ = {isa = PBXFileReference; fileEncoding = 4; lastKnownFileType = sourcecode.c.h; name = "UIView+Expa.h"; path = "ExpaPlatform/Categories/UIView+Expa.h"; sourceTree = SOURCE_ROOT; };
		32DCE4A918C4DB4400B48621 /* UIView+Expa.m */ = {isa = PBXFileReference; fileEncoding = 4; lastKnownFileType = sourcecode.c.objc; name = "UIView+Expa.m"; path = "ExpaPlatform/Categories/UIView+Expa.m"; sourceTree = SOURCE_ROOT; };
		32DCE4AF18C4DB5000B48621 /* NSDictionary+Expa.h */ = {isa = PBXFileReference; fileEncoding = 4; lastKnownFileType = sourcecode.c.h; name = "NSDictionary+Expa.h"; path = "ExpaPlatform/Categories/NSDictionary+Expa.h"; sourceTree = SOURCE_ROOT; };
		32DCE4B018C4DB5000B48621 /* NSDictionary+Expa.m */ = {isa = PBXFileReference; fileEncoding = 4; lastKnownFileType = sourcecode.c.objc; name = "NSDictionary+Expa.m"; path = "ExpaPlatform/Categories/NSDictionary+Expa.m"; sourceTree = SOURCE_ROOT; };
		32DCE4B118C4DB5000B48621 /* NSLayoutConstraint+Expa.h */ = {isa = PBXFileReference; fileEncoding = 4; lastKnownFileType = sourcecode.c.h; name = "NSLayoutConstraint+Expa.h"; path = "ExpaPlatform/Categories/NSLayoutConstraint+Expa.h"; sourceTree = SOURCE_ROOT; };
		32DCE4B218C4DB5000B48621 /* NSLayoutConstraint+Expa.m */ = {isa = PBXFileReference; fileEncoding = 4; lastKnownFileType = sourcecode.c.objc; name = "NSLayoutConstraint+Expa.m"; path = "ExpaPlatform/Categories/NSLayoutConstraint+Expa.m"; sourceTree = SOURCE_ROOT; };
		32DCE4B318C4DB5000B48621 /* NSMutableArray+Expa.h */ = {isa = PBXFileReference; fileEncoding = 4; lastKnownFileType = sourcecode.c.h; name = "NSMutableArray+Expa.h"; path = "ExpaPlatform/Categories/NSMutableArray+Expa.h"; sourceTree = SOURCE_ROOT; };
		32DCE4B418C4DB5000B48621 /* NSMutableArray+Expa.m */ = {isa = PBXFileReference; fileEncoding = 4; lastKnownFileType = sourcecode.c.objc; name = "NSMutableArray+Expa.m"; path = "ExpaPlatform/Categories/NSMutableArray+Expa.m"; sourceTree = SOURCE_ROOT; };
		32DCE4B518C4DB5000B48621 /* NSString+Expa.h */ = {isa = PBXFileReference; fileEncoding = 4; lastKnownFileType = sourcecode.c.h; name = "NSString+Expa.h"; path = "ExpaPlatform/Categories/NSString+Expa.h"; sourceTree = SOURCE_ROOT; };
		32DCE4B618C4DB5000B48621 /* NSString+Expa.mm */ = {isa = PBXFileReference; fileEncoding = 4; lastKnownFileType = sourcecode.cpp.objcpp; name = "NSString+Expa.mm"; path = "ExpaPlatform/Categories/NSString+Expa.mm"; sourceTree = SOURCE_ROOT; };
		32DCE4C018C4DBBB00B48621 /* MPTextView.h */ = {isa = PBXFileReference; fileEncoding = 4; lastKnownFileType = sourcecode.c.h; path = MPTextView.h; sourceTree = "<group>"; };
		32DCE4C118C4DBBB00B48621 /* MPTextView.m */ = {isa = PBXFileReference; fileEncoding = 4; lastKnownFileType = sourcecode.c.objc; path = MPTextView.m; sourceTree = "<group>"; };
		32DCE4C418C4DBBB00B48621 /* XFeedbackViewController.h */ = {isa = PBXFileReference; fileEncoding = 4; lastKnownFileType = sourcecode.c.h; path = XFeedbackViewController.h; sourceTree = "<group>"; };
		32DCE4C518C4DBBB00B48621 /* XFeedbackViewController.m */ = {isa = PBXFileReference; fileEncoding = 4; lastKnownFileType = sourcecode.c.objc; path = XFeedbackViewController.m; sourceTree = "<group>"; };
		32DCE4C618C4DBBB00B48621 /* XFeedbackViewController.xib */ = {isa = PBXFileReference; fileEncoding = 4; lastKnownFileType = file.xib; path = XFeedbackViewController.xib; sourceTree = "<group>"; };
		32DCE4D218C4DBBB00B48621 /* XSingleton.h */ = {isa = PBXFileReference; fileEncoding = 4; lastKnownFileType = sourcecode.c.h; path = XSingleton.h; sourceTree = "<group>"; };
		32DCE4D318C4DBBB00B48621 /* XSingleton.m */ = {isa = PBXFileReference; fileEncoding = 4; lastKnownFileType = sourcecode.c.objc; path = XSingleton.m; sourceTree = "<group>"; };
		32DCE4E518C4DD1400B48621 /* XFeedback.h */ = {isa = PBXFileReference; fileEncoding = 4; lastKnownFileType = sourcecode.c.h; path = XFeedback.h; sourceTree = "<group>"; };
		32DCE4E618C4DD1400B48621 /* XFeedback.m */ = {isa = PBXFileReference; fileEncoding = 4; lastKnownFileType = sourcecode.c.objc; path = XFeedback.m; sourceTree = "<group>"; };
		32DCE4E918C4DD2700B48621 /* XGeocoder.h */ = {isa = PBXFileReference; fileEncoding = 4; lastKnownFileType = sourcecode.c.h; path = XGeocoder.h; sourceTree = "<group>"; };
		32DCE4EA18C4DD2700B48621 /* XGeocoder.m */ = {isa = PBXFileReference; fileEncoding = 4; lastKnownFileType = sourcecode.c.objc; path = XGeocoder.m; sourceTree = "<group>"; };
		32DCE4ED18C4DD2E00B48621 /* XLogging.h */ = {isa = PBXFileReference; fileEncoding = 4; lastKnownFileType = sourcecode.c.h; path = XLogging.h; sourceTree = "<group>"; };
		32DCE4EE18C4DD2E00B48621 /* XLogging.m */ = {isa = PBXFileReference; fileEncoding = 4; lastKnownFileType = sourcecode.c.objc; path = XLogging.m; sourceTree = "<group>"; };
		32DCE4F118C4DD3400B48621 /* XNavigationService.h */ = {isa = PBXFileReference; fileEncoding = 4; lastKnownFileType = sourcecode.c.h; path = XNavigationService.h; sourceTree = "<group>"; };
		32DCE4F218C4DD3400B48621 /* XNavigationService.m */ = {isa = PBXFileReference; fileEncoding = 4; lastKnownFileType = sourcecode.c.objc; path = XNavigationService.m; sourceTree = "<group>"; };
		32DCE4F318C4DD3400B48621 /* XViewController.h */ = {isa = PBXFileReference; fileEncoding = 4; lastKnownFileType = sourcecode.c.h; path = XViewController.h; sourceTree = "<group>"; };
		32DCE4F418C4DD3400B48621 /* XViewController.m */ = {isa = PBXFileReference; fileEncoding = 4; lastKnownFileType = sourcecode.c.objc; path = XViewController.m; sourceTree = "<group>"; };
		32DCE4F918C4DD3F00B48621 /* XEdgeSwipeGestureRecognizer.h */ = {isa = PBXFileReference; fileEncoding = 4; lastKnownFileType = sourcecode.c.h; path = XEdgeSwipeGestureRecognizer.h; sourceTree = "<group>"; };
		32DCE4FA18C4DD3F00B48621 /* XEdgeSwipeGestureRecognizer.m */ = {isa = PBXFileReference; fileEncoding = 4; lastKnownFileType = sourcecode.c.objc; path = XEdgeSwipeGestureRecognizer.m; sourceTree = "<group>"; };
		32DCE4FE18C4DD8800B48621 /* XDevUtilities.h */ = {isa = PBXFileReference; fileEncoding = 4; lastKnownFileType = sourcecode.c.h; path = XDevUtilities.h; sourceTree = "<group>"; };
		32DCE4FF18C4DD8800B48621 /* XDevUtilities.m */ = {isa = PBXFileReference; fileEncoding = 4; lastKnownFileType = sourcecode.c.objc; path = XDevUtilities.m; sourceTree = "<group>"; };
		32DCE50218C4DD8E00B48621 /* XDeviceUtilities.h */ = {isa = PBXFileReference; fileEncoding = 4; lastKnownFileType = sourcecode.c.h; path = XDeviceUtilities.h; sourceTree = "<group>"; };
		32DCE50318C4DD8E00B48621 /* XDeviceUtilities.m */ = {isa = PBXFileReference; fileEncoding = 4; lastKnownFileType = sourcecode.c.objc; path = XDeviceUtilities.m; sourceTree = "<group>"; };
		32DCE50618C4DD9400B48621 /* XGCDUtilites.h */ = {isa = PBXFileReference; fileEncoding = 4; lastKnownFileType = sourcecode.c.h; path = XGCDUtilites.h; sourceTree = "<group>"; };
		32DCE50718C4DD9400B48621 /* XGCDUtilites.m */ = {isa = PBXFileReference; fileEncoding = 4; lastKnownFileType = sourcecode.c.objc; path = XGCDUtilites.m; sourceTree = "<group>"; };
		32DCE50A18C4DD9A00B48621 /* XLocationUtilities.h */ = {isa = PBXFileReference; fileEncoding = 4; lastKnownFileType = sourcecode.c.h; path = XLocationUtilities.h; sourceTree = "<group>"; };
		32DCE50B18C4DD9A00B48621 /* XLocationUtilities.m */ = {isa = PBXFileReference; fileEncoding = 4; lastKnownFileType = sourcecode.c.objc; path = XLocationUtilities.m; sourceTree = "<group>"; };
		32DCE50E18C4DDA100B48621 /* XRuntimeUtilities.h */ = {isa = PBXFileReference; fileEncoding = 4; lastKnownFileType = sourcecode.c.h; path = XRuntimeUtilities.h; sourceTree = "<group>"; };
		32DCE50F18C4DDA100B48621 /* XRuntimeUtilities.m */ = {isa = PBXFileReference; fileEncoding = 4; lastKnownFileType = sourcecode.c.objc; path = XRuntimeUtilities.m; sourceTree = "<group>"; };
		7E255BF818171DEC008FD59D /* libExpaPlatform.a */ = {isa = PBXFileReference; explicitFileType = archive.ar; includeInIndex = 0; path = libExpaPlatform.a; sourceTree = BUILT_PRODUCTS_DIR; };
		7E255BFB18171DEC008FD59D /* Foundation.framework */ = {isa = PBXFileReference; lastKnownFileType = wrapper.framework; name = Foundation.framework; path = System/Library/Frameworks/Foundation.framework; sourceTree = SDKROOT; };
		7E255BFF18171DEC008FD59D /* ExpaPlatform-Prefix.pch */ = {isa = PBXFileReference; lastKnownFileType = sourcecode.c.h; path = "ExpaPlatform-Prefix.pch"; sourceTree = "<group>"; };
		7E255C0818171DEC008FD59D /* ExpaPlatformTests.xctest */ = {isa = PBXFileReference; explicitFileType = wrapper.cfbundle; includeInIndex = 0; path = ExpaPlatformTests.xctest; sourceTree = BUILT_PRODUCTS_DIR; };
		7E255C0918171DEC008FD59D /* XCTest.framework */ = {isa = PBXFileReference; lastKnownFileType = wrapper.framework; name = XCTest.framework; path = Library/Frameworks/XCTest.framework; sourceTree = DEVELOPER_DIR; };
		7E255C0C18171DEC008FD59D /* UIKit.framework */ = {isa = PBXFileReference; lastKnownFileType = wrapper.framework; name = UIKit.framework; path = Library/Frameworks/UIKit.framework; sourceTree = DEVELOPER_DIR; };
		7E255C1318171DEC008FD59D /* ExpaPlatformTests-Info.plist */ = {isa = PBXFileReference; lastKnownFileType = text.plist.xml; path = "ExpaPlatformTests-Info.plist"; sourceTree = "<group>"; };
		7E255C1518171DEC008FD59D /* en */ = {isa = PBXFileReference; lastKnownFileType = text.plist.strings; name = en; path = en.lproj/InfoPlist.strings; sourceTree = "<group>"; };
		7E255C1718171DEC008FD59D /* ExpaPlatformTests.m */ = {isa = PBXFileReference; lastKnownFileType = sourcecode.c.objc; path = ExpaPlatformTests.m; sourceTree = "<group>"; };
		7E255C3018172345008FD59D /* UIKit.framework */ = {isa = PBXFileReference; lastKnownFileType = wrapper.framework; name = UIKit.framework; path = System/Library/Frameworks/UIKit.framework; sourceTree = SDKROOT; };
		7E255C321817234A008FD59D /* QuartzCore.framework */ = {isa = PBXFileReference; lastKnownFileType = wrapper.framework; name = QuartzCore.framework; path = System/Library/Frameworks/QuartzCore.framework; sourceTree = SDKROOT; };
		7E255C3418172350008FD59D /* CoreGraphics.framework */ = {isa = PBXFileReference; lastKnownFileType = wrapper.framework; name = CoreGraphics.framework; path = System/Library/Frameworks/CoreGraphics.framework; sourceTree = SDKROOT; };
/* End PBXFileReference section */

/* Begin PBXFrameworksBuildPhase section */
		7E255BF518171DEC008FD59D /* Frameworks */ = {
			isa = PBXFrameworksBuildPhase;
			buildActionMask = 2147483647;
			files = (
				7E255C3518172350008FD59D /* CoreGraphics.framework in Frameworks */,
				7E255C331817234A008FD59D /* QuartzCore.framework in Frameworks */,
				7E255C3118172345008FD59D /* UIKit.framework in Frameworks */,
				7E255BFC18171DEC008FD59D /* Foundation.framework in Frameworks */,
			);
			runOnlyForDeploymentPostprocessing = 0;
		};
		7E255C0518171DEC008FD59D /* Frameworks */ = {
			isa = PBXFrameworksBuildPhase;
			buildActionMask = 2147483647;
			files = (
				7E255C0A18171DEC008FD59D /* XCTest.framework in Frameworks */,
				7E255C0D18171DEC008FD59D /* UIKit.framework in Frameworks */,
				7E255C1018171DEC008FD59D /* libExpaPlatform.a in Frameworks */,
				7E255C0B18171DEC008FD59D /* Foundation.framework in Frameworks */,
			);
			runOnlyForDeploymentPostprocessing = 0;
		};
/* End PBXFrameworksBuildPhase section */

/* Begin PBXGroup section */
		32DCE4BF18C4DBBB00B48621 /* Feedback */ = {
			isa = PBXGroup;
			children = (
				32DCE4C018C4DBBB00B48621 /* MPTextView.h */,
				32DCE4C118C4DBBB00B48621 /* MPTextView.m */,
				32DCE4C418C4DBBB00B48621 /* XFeedbackViewController.h */,
				32DCE4C518C4DBBB00B48621 /* XFeedbackViewController.m */,
				32DCE4C618C4DBBB00B48621 /* XFeedbackViewController.xib */,
			);
			path = Feedback;
			sourceTree = "<group>";
		};
		7E255BEF18171DEC008FD59D = {
			isa = PBXGroup;
			children = (
				7E255BFD18171DEC008FD59D /* ExpaPlatform */,
				7E255C1118171DEC008FD59D /* ExpaPlatformTests */,
				7E255BFA18171DEC008FD59D /* Frameworks */,
				7E255BF918171DEC008FD59D /* Products */,
			);
			sourceTree = "<group>";
		};
		7E255BF918171DEC008FD59D /* Products */ = {
			isa = PBXGroup;
			children = (
				7E255BF818171DEC008FD59D /* libExpaPlatform.a */,
				7E255C0818171DEC008FD59D /* ExpaPlatformTests.xctest */,
			);
			name = Products;
			sourceTree = "<group>";
		};
		7E255BFA18171DEC008FD59D /* Frameworks */ = {
			isa = PBXGroup;
			children = (
				7E255C3418172350008FD59D /* CoreGraphics.framework */,
				7E255C321817234A008FD59D /* QuartzCore.framework */,
				7E255C3018172345008FD59D /* UIKit.framework */,
				7E255BFB18171DEC008FD59D /* Foundation.framework */,
				7E255C0918171DEC008FD59D /* XCTest.framework */,
				7E255C0C18171DEC008FD59D /* UIKit.framework */,
			);
			name = Frameworks;
			sourceTree = "<group>";
		};
		7E255BFD18171DEC008FD59D /* ExpaPlatform */ = {
			isa = PBXGroup;
			children = (
				32DCE4D218C4DBBB00B48621 /* XSingleton.h */,
				32DCE4D318C4DBBB00B48621 /* XSingleton.m */,
				32DCE4E518C4DD1400B48621 /* XFeedback.h */,
				32DCE4E618C4DD1400B48621 /* XFeedback.m */,
				32DCE4E918C4DD2700B48621 /* XGeocoder.h */,
				32DCE4EA18C4DD2700B48621 /* XGeocoder.m */,
				32DCE4ED18C4DD2E00B48621 /* XLogging.h */,
				32DCE4EE18C4DD2E00B48621 /* XLogging.m */,
				32DCE4F118C4DD3400B48621 /* XNavigationService.h */,
				32DCE4F218C4DD3400B48621 /* XNavigationService.m */,
				32DCE4F318C4DD3400B48621 /* XViewController.h */,
				32DCE4F418C4DD3400B48621 /* XViewController.m */,
				32DCE4FE18C4DD8800B48621 /* XDevUtilities.h */,
				32DCE4FF18C4DD8800B48621 /* XDevUtilities.m */,
				32DCE50218C4DD8E00B48621 /* XDeviceUtilities.h */,
				32DCE50318C4DD8E00B48621 /* XDeviceUtilities.m */,
				32DCE50618C4DD9400B48621 /* XGCDUtilites.h */,
				32DCE50718C4DD9400B48621 /* XGCDUtilites.m */,
				32DCE50A18C4DD9A00B48621 /* XLocationUtilities.h */,
				32DCE50B18C4DD9A00B48621 /* XLocationUtilities.m */,
				32DCE50E18C4DDA100B48621 /* XRuntimeUtilities.h */,
				32DCE50F18C4DDA100B48621 /* XRuntimeUtilities.m */,
				32DCE4F918C4DD3F00B48621 /* XEdgeSwipeGestureRecognizer.h */,
				32DCE4FA18C4DD3F00B48621 /* XEdgeSwipeGestureRecognizer.m */,
				32DCE4BF18C4DBBB00B48621 /* Feedback */,
				7E255C5818173047008FD59D /* Categories */,
				7E255BFE18171DEC008FD59D /* Supporting Files */,
			);
			path = ExpaPlatform;
			sourceTree = "<group>";
		};
		7E255BFE18171DEC008FD59D /* Supporting Files */ = {
			isa = PBXGroup;
			children = (
				7E255BFF18171DEC008FD59D /* ExpaPlatform-Prefix.pch */,
			);
			name = "Supporting Files";
			sourceTree = "<group>";
		};
		7E255C1118171DEC008FD59D /* ExpaPlatformTests */ = {
			isa = PBXGroup;
			children = (
				7E255C1718171DEC008FD59D /* ExpaPlatformTests.m */,
				7E255C1218171DEC008FD59D /* Supporting Files */,
			);
			path = ExpaPlatformTests;
			sourceTree = "<group>";
		};
		7E255C1218171DEC008FD59D /* Supporting Files */ = {
			isa = PBXGroup;
			children = (
				7E255C1318171DEC008FD59D /* ExpaPlatformTests-Info.plist */,
				7E255C1418171DEC008FD59D /* InfoPlist.strings */,
			);
			name = "Supporting Files";
			sourceTree = "<group>";
		};
		7E255C5818173047008FD59D /* Categories */ = {
			isa = PBXGroup;
			children = (
				7E46DAF61819CCC60010ADE2 /* Foundation */,
				7E46DAF91819CCC60010ADE2 /* UIKit */,
			);
			path = Categories;
			sourceTree = "<group>";
		};
		7E46DAF61819CCC60010ADE2 /* Foundation */ = {
			isa = PBXGroup;
			children = (
				32DCE4AF18C4DB5000B48621 /* NSDictionary+Expa.h */,
				32DCE4B018C4DB5000B48621 /* NSDictionary+Expa.m */,
				32DCE4B118C4DB5000B48621 /* NSLayoutConstraint+Expa.h */,
				32DCE4B218C4DB5000B48621 /* NSLayoutConstraint+Expa.m */,
				32DCE4B318C4DB5000B48621 /* NSMutableArray+Expa.h */,
				32DCE4B418C4DB5000B48621 /* NSMutableArray+Expa.m */,
				32DCE4B518C4DB5000B48621 /* NSString+Expa.h */,
				32DCE4B618C4DB5000B48621 /* NSString+Expa.mm */,
			);
			path = Foundation;
			sourceTree = "<group>";
		};
		7E46DAF91819CCC60010ADE2 /* UIKit */ = {
			isa = PBXGroup;
			children = (
				32DCE4A018C4DB4400B48621 /* UIAlertView+Expa.h */,
				32DCE4A118C4DB4400B48621 /* UIAlertView+Expa.m */,
				32DCE4A218C4DB4400B48621 /* UIButton+Expa.h */,
				32DCE4A318C4DB4400B48621 /* UIButton+Expa.m */,
				32DCE4A418C4DB4400B48621 /* UIColor+Expa.h */,
				32DCE4A518C4DB4400B48621 /* UIColor+Expa.m */,
				32DCE4A618C4DB4400B48621 /* UIImage+Expa.h */,
				32DCE4A718C4DB4400B48621 /* UIImage+Expa.m */,
				32DCE4A818C4DB4400B48621 /* UIView+Expa.h */,
				32DCE4A918C4DB4400B48621 /* UIView+Expa.m */,
			);
			path = UIKit;
			sourceTree = "<group>";
		};
/* End PBXGroup section */

/* Begin PBXNativeTarget section */
		7E255BF718171DEC008FD59D /* ExpaPlatform */ = {
			isa = PBXNativeTarget;
			buildConfigurationList = 7E255C1B18171DEC008FD59D /* Build configuration list for PBXNativeTarget "ExpaPlatform" */;
			buildPhases = (
				7E255BF418171DEC008FD59D /* Sources */,
				7E255BF518171DEC008FD59D /* Frameworks */,
				7E255BF618171DEC008FD59D /* CopyFiles */,
				32FAFBD41862F0720015E4B1 /* Generate Appledoc */,
			);
			buildRules = (
			);
			dependencies = (
			);
			name = ExpaPlatform;
			productName = ExpaPlatform;
			productReference = 7E255BF818171DEC008FD59D /* libExpaPlatform.a */;
			productType = "com.apple.product-type.library.static";
		};
		7E255C0718171DEC008FD59D /* ExpaPlatformTests */ = {
			isa = PBXNativeTarget;
			buildConfigurationList = 7E255C1E18171DEC008FD59D /* Build configuration list for PBXNativeTarget "ExpaPlatformTests" */;
			buildPhases = (
				7E255C0418171DEC008FD59D /* Sources */,
				7E255C0518171DEC008FD59D /* Frameworks */,
				7E255C0618171DEC008FD59D /* Resources */,
			);
			buildRules = (
			);
			dependencies = (
				7E255C0F18171DEC008FD59D /* PBXTargetDependency */,
			);
			name = ExpaPlatformTests;
			productName = ExpaPlatformTests;
			productReference = 7E255C0818171DEC008FD59D /* ExpaPlatformTests.xctest */;
			productType = "com.apple.product-type.bundle.unit-test";
		};
/* End PBXNativeTarget section */

/* Begin PBXProject section */
		7E255BF018171DEC008FD59D /* Project object */ = {
			isa = PBXProject;
			attributes = {
				CLASSPREFIX = X;
				LastUpgradeCheck = 0500;
				ORGANIZATIONNAME = "Expa, LLC";
			};
			buildConfigurationList = 7E255BF318171DEC008FD59D /* Build configuration list for PBXProject "ExpaPlatform" */;
			compatibilityVersion = "Xcode 3.2";
			developmentRegion = English;
			hasScannedForEncodings = 0;
			knownRegions = (
				en,
			);
			mainGroup = 7E255BEF18171DEC008FD59D;
			productRefGroup = 7E255BF918171DEC008FD59D /* Products */;
			projectDirPath = "";
			projectRoot = "";
			targets = (
				7E255BF718171DEC008FD59D /* ExpaPlatform */,
				7E255C0718171DEC008FD59D /* ExpaPlatformTests */,
			);
		};
/* End PBXProject section */

/* Begin PBXResourcesBuildPhase section */
		7E255C0618171DEC008FD59D /* Resources */ = {
			isa = PBXResourcesBuildPhase;
			buildActionMask = 2147483647;
			files = (
				32DCE4DA18C4DBBB00B48621 /* XFeedbackViewController.xib in Resources */,
				7E255C1618171DEC008FD59D /* InfoPlist.strings in Resources */,
			);
			runOnlyForDeploymentPostprocessing = 0;
		};
/* End PBXResourcesBuildPhase section */

/* Begin PBXShellScriptBuildPhase section */
		32FAFBD41862F0720015E4B1 /* Generate Appledoc */ = {
			isa = PBXShellScriptBuildPhase;
			buildActionMask = 2147483647;
			files = (
			);
			inputPaths = (
			);
			name = "Generate Appledoc";
			outputPaths = (
			);
			runOnlyForDeploymentPostprocessing = 0;
			shellPath = /bin/bash;
			shellScript = "# Only run on prod builds\nif [[ $CONFIGURATION != \"Release\" ]]\nthen\n    exit 0\nfi\n\n# Check if we have appledoc installed on the system -- you can install via homebrew\nAPPLEDOC=`which /usr/local/bin/appledoc`\nHOMEBREW=`which /usr/local/bin/brew`\nif [[ ${#APPLEDOC} == 0 ]]\nthen\n    if [[ ${#HOMEBREW} ]]\n    then\n        sudo -u $INSTALL_OWNER $HOMEBREW install appledoc\n    else\n        exit 127 # Please install appledoc on your computer. If you install homebrew, this script will install it automatically.\n    fi\nfi\n\n# config\ncompany=\"Expa\";\ncompanyID=\"com.expa\";\ncompanyURL=\"http://expa.com\";\ntarget=\"iphoneos\";\noutputPath=\"${SRCROOT}/docs\";\n\n# check out docs branch from github if needed\nif [[ `find ${outputPath}/index.html 2>/dev/null` ]]\nthen\n    rm -rf $outputPath\n    sudo -u $INSTALL_OWNER git clone https://github.com/expa/ios-platform.git docs\n    cd $outputPath\n    sudo -u $INSTALL_OWNER git checkout origin/gh-pages\n    sudo -u $INSTALL_OWNER git checkout -b gh-pages\n    cd ..\nfi\n\n# delete old doc dirs\nrm -rf $outputPath/Categories\nrm -rf $outputPath/Classes\nrm -rf $outputPath/Protocols\nrm -rf $outputPath/css\nrm -rf $outputPath/img\n\n#appledoc Xcode script\n/usr/local/bin/appledoc \\\n--project-name \"${PROJECT_NAME}\" \\\n--project-company \"${company}\" \\\n--company-id \"${companyID}\" \\\n--docset-atom-filename \"${company}.atom\" \\\n--docset-feed-url \"${companyURL}/${company}/%DOCSETATOMFILENAME\" \\\n--docset-package-url \"${companyURL}/${company}/%DOCSETPACKAGEFILENAME\" \\\n--docset-fallback-url \"${companyURL}/${company}\" \\\n--output \"${outputPath}\" \\\n--docset-platform-family \"${target}\" \\\n--publish-docset \\\n--logformat xcode \\\n--install-docset \\\n--keep-intermediate-files \\\n--keep-undocumented-objects \\\n--keep-undocumented-members \\\n--no-repeat-first-par \\\n--no-warn-invalid-crossref \\\n--no-warn-undocumented-member \\\n--exit-threshold 2 \\\n\"${PROJECT_DIR}\"\n\n# move everthing in the HTML dir into $outputPath for upload to GitHub\ncd $outputPath\nmv -f html/* .\nrmdir html\n\n# push to GitHub, if possible\nsudo -u $INSTALL_OWNER git add --all .\nsudo -u $INSTALL_OWNER git commit -am 'updated documentation (automatic)'\nsudo -u $INSTALL_OWNER git push origin gh-pages || echo 'Could not automatically push to github.'";
		};
/* End PBXShellScriptBuildPhase section */

/* Begin PBXSourcesBuildPhase section */
		7E255BF418171DEC008FD59D /* Sources */ = {
			isa = PBXSourcesBuildPhase;
			buildActionMask = 2147483647;
			files = (
				32DCE51018C4DDA100B48621 /* XRuntimeUtilities.m in Sources */,
				32DCE4FB18C4DD3F00B48621 /* XEdgeSwipeGestureRecognizer.m in Sources */,
				32DCE50418C4DD8E00B48621 /* XDeviceUtilities.m in Sources */,
				32DCE50C18C4DD9A00B48621 /* XLocationUtilities.m in Sources */,
				32DCE4E718C4DD1400B48621 /* XFeedback.m in Sources */,
				32DCE50018C4DD8800B48621 /* XDevUtilities.m in Sources */,
				32DCE4EF18C4DD2E00B48621 /* XLogging.m in Sources */,
				32DCE4BD18C4DB5000B48621 /* NSString+Expa.mm in Sources */,
				32DCE4B918C4DB5000B48621 /* NSLayoutConstraint+Expa.m in Sources */,
				32DCE4AE18C4DB4400B48621 /* UIView+Expa.m in Sources */,
				32DCE4D418C4DBBB00B48621 /* MPTextView.m in Sources */,
				32DCE4F718C4DD3400B48621 /* XViewController.m in Sources */,
				32DCE4BB18C4DB5000B48621 /* NSMutableArray+Expa.m in Sources */,
				32DCE4D818C4DBBB00B48621 /* XFeedbackViewController.m in Sources */,
				32DCE4AC18C4DB4400B48621 /* UIColor+Expa.m in Sources */,
				32DCE4AD18C4DB4400B48621 /* UIImage+Expa.m in Sources */,
				32DCE4AB18C4DB4400B48621 /* UIButton+Expa.m in Sources */,
				32DCE4B718C4DB5000B48621 /* NSDictionary+Expa.m in Sources */,
				32DCE4F518C4DD3400B48621 /* XNavigationService.m in Sources */,
				32DCE4AA18C4DB4400B48621 /* UIAlertView+Expa.m in Sources */,
				32DCE50818C4DD9400B48621 /* XGCDUtilites.m in Sources */,
				32DCE4EB18C4DD2700B48621 /* XGeocoder.m in Sources */,
				32DCE4E318C4DBBB00B48621 /* XSingleton.m in Sources */,
			);
			runOnlyForDeploymentPostprocessing = 0;
		};
		7E255C0418171DEC008FD59D /* Sources */ = {
			isa = PBXSourcesBuildPhase;
			buildActionMask = 2147483647;
			files = (
				32DCE4D918C4DBBB00B48621 /* XFeedbackViewController.m in Sources */,
				32DCE50518C4DD8E00B48621 /* XDeviceUtilities.m in Sources */,
				32DCE50D18C4DD9A00B48621 /* XLocationUtilities.m in Sources */,
				32DCE4E418C4DBBB00B48621 /* XSingleton.m in Sources */,
				32DCE4BE18C4DB5000B48621 /* NSString+Expa.mm in Sources */,
				32DCE4F018C4DD2E00B48621 /* XLogging.m in Sources */,
				32DCE4F818C4DD3400B48621 /* XViewController.m in Sources */,
				7E255C1818171DEC008FD59D /* ExpaPlatformTests.m in Sources */,
				32DCE4B818C4DB5000B48621 /* NSDictionary+Expa.m in Sources */,
				32DCE4FC18C4DD3F00B48621 /* XEdgeSwipeGestureRecognizer.m in Sources */,
				32DCE4E818C4DD1400B48621 /* XFeedback.m in Sources */,
				32DCE4F618C4DD3400B48621 /* XNavigationService.m in Sources */,
				32DCE4BA18C4DB5000B48621 /* NSLayoutConstraint+Expa.m in Sources */,
				32DCE50918C4DD9400B48621 /* XGCDUtilites.m in Sources */,
				32DCE4EC18C4DD2700B48621 /* XGeocoder.m in Sources */,
				32DCE50118C4DD8800B48621 /* XDevUtilities.m in Sources */,
				32DCE4D518C4DBBB00B48621 /* MPTextView.m in Sources */,
				32DCE51118C4DDA100B48621 /* XRuntimeUtilities.m in Sources */,
				32DCE4BC18C4DB5000B48621 /* NSMutableArray+Expa.m in Sources */,
			);
			runOnlyForDeploymentPostprocessing = 0;
		};
/* End PBXSourcesBuildPhase section */

/* Begin PBXTargetDependency section */
		7E255C0F18171DEC008FD59D /* PBXTargetDependency */ = {
			isa = PBXTargetDependency;
			target = 7E255BF718171DEC008FD59D /* ExpaPlatform */;
			targetProxy = 7E255C0E18171DEC008FD59D /* PBXContainerItemProxy */;
		};
/* End PBXTargetDependency section */

/* Begin PBXVariantGroup section */
		7E255C1418171DEC008FD59D /* InfoPlist.strings */ = {
			isa = PBXVariantGroup;
			children = (
				7E255C1518171DEC008FD59D /* en */,
			);
			name = InfoPlist.strings;
			sourceTree = "<group>";
		};
/* End PBXVariantGroup section */

/* Begin XCBuildConfiguration section */
		7E255C1918171DEC008FD59D /* Debug */ = {
			isa = XCBuildConfiguration;
			buildSettings = {
				ALWAYS_SEARCH_USER_PATHS = NO;
				CLANG_CXX_LANGUAGE_STANDARD = "c++0x";
				CLANG_CXX_LIBRARY = "libc++";
				CLANG_ENABLE_MODULES = YES;
				CLANG_ENABLE_OBJC_ARC = YES;
				CLANG_STATIC_ANALYZER_MODE = deep;
				CLANG_WARN_BOOL_CONVERSION = YES;
				CLANG_WARN_CONSTANT_CONVERSION = YES;
				CLANG_WARN_DEPRECATED_OBJC_IMPLEMENTATIONS = YES;
				CLANG_WARN_DIRECT_OBJC_ISA_USAGE = YES_ERROR;
				CLANG_WARN_EMPTY_BODY = YES;
				CLANG_WARN_ENUM_CONVERSION = YES;
				CLANG_WARN_INT_CONVERSION = YES;
				CLANG_WARN_OBJC_EXPLICIT_OWNERSHIP_TYPE = YES;
				CLANG_WARN_OBJC_IMPLICIT_ATOMIC_PROPERTIES = YES;
				CLANG_WARN_OBJC_ROOT_CLASS = YES_ERROR;
				CLANG_WARN__DUPLICATE_METHOD_MATCH = YES;
				COPY_PHASE_STRIP = NO;
				DEAD_CODE_STRIPPING = NO;
				GCC_C_LANGUAGE_STANDARD = c11;
				GCC_DYNAMIC_NO_PIC = NO;
				GCC_OPTIMIZATION_LEVEL = 0;
				GCC_PREPROCESSOR_DEFINITIONS = (
					"DEBUG=1",
					"$(inherited)",
				);
				GCC_TREAT_WARNINGS_AS_ERRORS = YES;
				GCC_WARN_64_TO_32_BIT_CONVERSION = YES;
				GCC_WARN_ABOUT_RETURN_TYPE = YES_ERROR;
				GCC_WARN_UNDECLARED_SELECTOR = YES;
				GCC_WARN_UNINITIALIZED_AUTOS = YES;
				GCC_WARN_UNUSED_FUNCTION = YES;
				GCC_WARN_UNUSED_VARIABLE = YES;
				GENERATE_MASTER_OBJECT_FILE = YES;
				IPHONEOS_DEPLOYMENT_TARGET = 7.0;
				LD_GENERATE_MAP_FILE = YES;
				LINKER_DISPLAYS_MANGLED_NAMES = YES;
				ONLY_ACTIVE_ARCH = YES;
				OTHER_CPLUSPLUSFLAGS = "-fcxx-modules";
				OTHER_LDFLAGS = (
					"-ObjC",
					"-all_load",
				);
				PRESERVE_DEAD_CODE_INITS_AND_TERMS = YES;
				RUN_CLANG_STATIC_ANALYZER = YES;
				SDKROOT = iphoneos;
				STRIP_INSTALLED_PRODUCT = NO;
				STRIP_STYLE = debugging;
				WARNING_LDFLAGS = "-fatal_warnings";
			};
			name = Debug;
		};
		7E255C1A18171DEC008FD59D /* Release */ = {
			isa = XCBuildConfiguration;
			buildSettings = {
				ALWAYS_SEARCH_USER_PATHS = NO;
				CLANG_CXX_LANGUAGE_STANDARD = "c++0x";
				CLANG_CXX_LIBRARY = "libc++";
				CLANG_ENABLE_MODULES = YES;
				CLANG_ENABLE_OBJC_ARC = YES;
				CLANG_STATIC_ANALYZER_MODE = deep;
				CLANG_WARN_BOOL_CONVERSION = YES;
				CLANG_WARN_CONSTANT_CONVERSION = YES;
				CLANG_WARN_DEPRECATED_OBJC_IMPLEMENTATIONS = YES;
				CLANG_WARN_DIRECT_OBJC_ISA_USAGE = YES_ERROR;
				CLANG_WARN_EMPTY_BODY = YES;
				CLANG_WARN_ENUM_CONVERSION = YES;
				CLANG_WARN_INT_CONVERSION = YES;
				CLANG_WARN_OBJC_EXPLICIT_OWNERSHIP_TYPE = YES;
				CLANG_WARN_OBJC_IMPLICIT_ATOMIC_PROPERTIES = YES;
				CLANG_WARN_OBJC_ROOT_CLASS = YES_ERROR;
				CLANG_WARN__DUPLICATE_METHOD_MATCH = YES;
				DEAD_CODE_STRIPPING = NO;
				ENABLE_NS_ASSERTIONS = NO;
				GCC_C_LANGUAGE_STANDARD = c11;
				GCC_OPTIMIZATION_LEVEL = fast;
				GCC_TREAT_WARNINGS_AS_ERRORS = YES;
				GCC_WARN_64_TO_32_BIT_CONVERSION = YES;
				GCC_WARN_ABOUT_RETURN_TYPE = YES_ERROR;
				GCC_WARN_UNDECLARED_SELECTOR = YES;
				GCC_WARN_UNINITIALIZED_AUTOS = YES;
				GCC_WARN_UNUSED_FUNCTION = YES;
				GCC_WARN_UNUSED_VARIABLE = YES;
				GENERATE_MASTER_OBJECT_FILE = YES;
				IPHONEOS_DEPLOYMENT_TARGET = 7.0;
				LD_GENERATE_MAP_FILE = YES;
				LINKER_DISPLAYS_MANGLED_NAMES = YES;
				OTHER_CPLUSPLUSFLAGS = "-fcxx-modules";
				OTHER_LDFLAGS = (
					"-ObjC",
					"-all_load",
				);
				PRESERVE_DEAD_CODE_INITS_AND_TERMS = YES;
				RUN_CLANG_STATIC_ANALYZER = YES;
				SDKROOT = iphoneos;
				VALIDATE_PRODUCT = YES;
				WARNING_LDFLAGS = "-fatal_warnings";
			};
			name = Release;
		};
		7E255C1C18171DEC008FD59D /* Debug */ = {
			isa = XCBuildConfiguration;
			buildSettings = {
				ARCHS = "$(ARCHS_STANDARD_INCLUDING_64_BIT)";
				DSTROOT = /tmp/ExpaPlatform.dst;
				GCC_INCREASE_PRECOMPILED_HEADER_SHARING = YES;
				GCC_PRECOMPILE_PREFIX_HEADER = YES;
				GCC_PREFIX_HEADER = "ExpaPlatform/ExpaPlatform-Prefix.pch";
				PRODUCT_NAME = "$(TARGET_NAME)";
				SKIP_INSTALL = YES;
			};
			name = Debug;
		};
		7E255C1D18171DEC008FD59D /* Release */ = {
			isa = XCBuildConfiguration;
			buildSettings = {
				ARCHS = "$(ARCHS_STANDARD_INCLUDING_64_BIT)";
				DSTROOT = /tmp/ExpaPlatform.dst;
				GCC_INCREASE_PRECOMPILED_HEADER_SHARING = YES;
				GCC_PRECOMPILE_PREFIX_HEADER = YES;
				GCC_PREFIX_HEADER = "ExpaPlatform/ExpaPlatform-Prefix.pch";
				PRODUCT_NAME = "$(TARGET_NAME)";
				SKIP_INSTALL = YES;
			};
			name = Release;
		};
		7E255C1F18171DEC008FD59D /* Debug */ = {
			isa = XCBuildConfiguration;
			buildSettings = {
				FRAMEWORK_SEARCH_PATHS = (
					"$(SDKROOT)/Developer/Library/Frameworks",
					"$(inherited)",
					"$(DEVELOPER_FRAMEWORKS_DIR)",
				);
				GCC_PRECOMPILE_PREFIX_HEADER = YES;
				GCC_PREFIX_HEADER = "ExpaPlatform/ExpaPlatform-Prefix.pch";
				GCC_PREPROCESSOR_DEFINITIONS = (
					"DEBUG=1",
					"$(inherited)",
				);
				INFOPLIST_FILE = "ExpaPlatformTests/ExpaPlatformTests-Info.plist";
				PRODUCT_NAME = "$(TARGET_NAME)";
				WRAPPER_EXTENSION = xctest;
			};
			name = Debug;
		};
		7E255C2018171DEC008FD59D /* Release */ = {
			isa = XCBuildConfiguration;
			buildSettings = {
				FRAMEWORK_SEARCH_PATHS = (
					"$(SDKROOT)/Developer/Library/Frameworks",
					"$(inherited)",
					"$(DEVELOPER_FRAMEWORKS_DIR)",
				);
				GCC_PRECOMPILE_PREFIX_HEADER = YES;
				GCC_PREFIX_HEADER = "ExpaPlatform/ExpaPlatform-Prefix.pch";
				INFOPLIST_FILE = "ExpaPlatformTests/ExpaPlatformTests-Info.plist";
				PRODUCT_NAME = "$(TARGET_NAME)";
				WRAPPER_EXTENSION = xctest;
			};
			name = Release;
		};
/* End XCBuildConfiguration section */

/* Begin XCConfigurationList section */
		7E255BF318171DEC008FD59D /* Build configuration list for PBXProject "ExpaPlatform" */ = {
			isa = XCConfigurationList;
			buildConfigurations = (
				7E255C1918171DEC008FD59D /* Debug */,
				7E255C1A18171DEC008FD59D /* Release */,
			);
			defaultConfigurationIsVisible = 0;
			defaultConfigurationName = Release;
		};
		7E255C1B18171DEC008FD59D /* Build configuration list for PBXNativeTarget "ExpaPlatform" */ = {
			isa = XCConfigurationList;
			buildConfigurations = (
				7E255C1C18171DEC008FD59D /* Debug */,
				7E255C1D18171DEC008FD59D /* Release */,
			);
			defaultConfigurationIsVisible = 0;
			defaultConfigurationName = Release;
		};
		7E255C1E18171DEC008FD59D /* Build configuration list for PBXNativeTarget "ExpaPlatformTests" */ = {
			isa = XCConfigurationList;
			buildConfigurations = (
				7E255C1F18171DEC008FD59D /* Debug */,
				7E255C2018171DEC008FD59D /* Release */,
			);
			defaultConfigurationIsVisible = 0;
			defaultConfigurationName = Release;
		};
/* End XCConfigurationList section */
	};
	rootObject = 7E255BF018171DEC008FD59D /* Project object */;
}
